{
  "aegis_version": "0.1.0",
  "capabilities": {
    "fs": {
      "read": [
        "~/.bashrc"
      ],
      "write": [
        "*",
        "~/.bashrc",
        "/tmp/output.txt"
      ]
    },
    "secret": {
      "access": [
        "hardcoded",
        "deterministic.capabilities.secret"
      ]
    },
    "subprocess": {
      "exec": [
        "python"
      ]
    },
    "system": {
      "sysinfo": [
        "*"
      ]
    }
  },
  "cert_id": "local-2f5f0f7b3da5",
  "combination_risks": [],
  "external_binaries": [
    "python"
  ],
  "manifest_source": "directory",
  "merkle_tree": {
    "algorithm": "sha256",
    "leaves": [
      {
        "hash": "sha256:f6c5971cee9886ecb88ceb5903052baafe557b814addfc2e2c5dc21ad350fb20",
        "path": "aegis.lock"
      },
      {
        "hash": "sha256:3f73f235684aea2638c4293f947035a16408a04054584fda34e3b2a835359a74",
        "path": "aegis_report.json"
      },
      {
        "hash": "sha256:664c88034699d8dbb70c55adeb99943d2f6ec5542ca5064d012e59b4c84d661a",
        "path": "writer.py"
      }
    ],
    "nodes": [
      "sha256:465877d05068537a584c997ae2f83779385e5c69b205b216e6d2e8802e2842aa",
      "sha256:7da4ffea2cdfccbb2b177d2e1949c9a607f22e109c562038b26d779fa539f2f9",
      "sha256:18b8d5f017c4c44dd01be192c0abc8c0b3efea28f4df10041167d9b1f0b7c19c"
    ],
    "root": "sha256:18b8d5f017c4c44dd01be192c0abc8c0b3efea28f4df10041167d9b1f0b7c19c"
  },
  "path_violations": [
    {
      "capability": "fs:write",
      "deny_pattern": "~/.bashrc",
      "message": "Path violation: ~/.bashrc matches deny pattern ~/.bashrc",
      "scope": "~/.bashrc"
    }
  ],
  "risk_score": {
    "final": 67,
    "llm_adjustment": 0,
    "static": 67
  },
  "signatures": {
    "developer": {
      "key_id": "ed25519:J2IBDiKgTteLg6qDe2EE07JmG+pNTzq/ageNvmAJIgk=",
      "signed_at": "2026-02-12T09:38:56.606133+00:00",
      "value": "D+r3C4yaYXUmVMBWP75K09TgDvbYOptRLQYWAc2/qQMqL2ZRS8WV1XVJS3LI9lZq/B/phZdKaWrOxdpjE0wACg=="
    },
    "registry": null
  },
  "signed_fields": [
    "aegis_version",
    "capabilities",
    "cert_id",
    "combination_risks",
    "external_binaries",
    "manifest_source",
    "merkle_tree",
    "path_violations",
    "risk_score.static"
  ]
}
