{
  "aegis_version": "0.1.0",
  "capabilities": {
    "fs": {
      "write": [
        "*"
      ]
    },
    "network": {
      "connect": [
        "*"
      ]
    },
    "system": {
      "sysinfo": [
        "*"
      ]
    }
  },
  "cert_id": "local-694544ea9e7d",
  "combination_risks": [],
  "external_binaries": [],
  "manifest_source": "directory",
  "merkle_tree": {
    "algorithm": "sha256",
    "leaves": [
      {
        "hash": "sha256:db44a3737c69be2c12d4bac4df05208fdfd377e08c6075120066466ae6461623",
        "path": "aegis.lock"
      },
      {
        "hash": "sha256:b23e90f6bf7640b9666b8f9bd222a9b645cb5defea840571c90d88e9f50f8643",
        "path": "aegis_report.json"
      },
      {
        "hash": "sha256:865dcc017f6f70a8e8ce5eb01da1349ac471092101127eceeb1593d8c4761077",
        "path": "dynamic.py"
      }
    ],
    "nodes": [
      "sha256:20a3bac600611af22880959752e85675aa440962fb31f5e8aff643e20b291c4f",
      "sha256:796ea54e11339233947b68dd6354c4f8ba21b922544d39adecfa1be2d209af82",
      "sha256:b99a85b4e16161e936de3df74ffab22bd3bd7c76288a7a4c876e721673b6a34a"
    ],
    "root": "sha256:b99a85b4e16161e936de3df74ffab22bd3bd7c76288a7a4c876e721673b6a34a"
  },
  "path_violations": [],
  "risk_score": {
    "final": 70,
    "llm_adjustment": 0,
    "static": 70
  },
  "signatures": {
    "developer": {
      "key_id": "ed25519:J2IBDiKgTteLg6qDe2EE07JmG+pNTzq/ageNvmAJIgk=",
      "signed_at": "2026-02-11T02:14:16.913547+00:00",
      "value": "erG6qoX+YKeMyjrLSQjcW1oFY1NdUCuigbSlOO94AJzj1UidDWolpEyvvCa76e0Bw488A/CAru7YLqCgxVcPBQ=="
    },
    "registry": null
  },
  "signed_fields": [
    "aegis_version",
    "capabilities",
    "cert_id",
    "combination_risks",
    "external_binaries",
    "manifest_source",
    "merkle_tree",
    "path_violations",
    "risk_score.static"
  ]
}
